// !$*UTF8*$!
{
	archiveVersion = 1;
	classes = {
	};
	objectVersion = 56;
	objects = {

/* Begin PBXBuildFile section */
		066195082CA476D80053926C /* TCAexampleApp.swift in Sources */ = {isa = PBXBuildFile; fileRef = 066195072CA476D80053926C /* TCAexampleApp.swift */; };
		0661950A2CA476D80053926C /* ContentView.swift in Sources */ = {isa = PBXBuildFile; fileRef = 066195092CA476D80053926C /* ContentView.swift */; };
		0661950C2CA476D90053926C /* Assets.xcassets in Resources */ = {isa = PBXBuildFile; fileRef = 0661950B2CA476D90053926C /* Assets.xcassets */; };
		0661950F2CA476D90053926C /* Preview Assets.xcassets in Resources */ = {isa = PBXBuildFile; fileRef = 0661950E2CA476D90053926C /* Preview Assets.xcassets */; };
		066195192CA476D90053926C /* TCAexampleTests.swift in Sources */ = {isa = PBXBuildFile; fileRef = 066195182CA476D90053926C /* TCAexampleTests.swift */; };
		066195232CA476D90053926C /* TCAexampleUITests.swift in Sources */ = {isa = PBXBuildFile; fileRef = 066195222CA476D90053926C /* TCAexampleUITests.swift */; };
		066195252CA476D90053926C /* TCAexampleUITestsLaunchTests.swift in Sources */ = {isa = PBXBuildFile; fileRef = 066195242CA476D90053926C /* TCAexampleUITestsLaunchTests.swift */; };
/* End PBXBuildFile section */

/* Begin PBXContainerItemProxy section */
		066195152CA476D90053926C /* PBXContainerItemProxy */ = {
			isa = PBXContainerItemProxy;
			containerPortal = 066194FC2CA476D80053926C /* Project object */;
			proxyType = 1;
			remoteGlobalIDString = 066195032CA476D80053926C;
			remoteInfo = TCAexample;
		};
		0661951F2CA476D90053926C /* PBXContainerItemProxy */ = {
			isa = PBXContainerItemProxy;
			containerPortal = 066194FC2CA476D80053926C /* Project object */;
			proxyType = 1;
			remoteGlobalIDString = 066195032CA476D80053926C;
			remoteInfo = TCAexample;
		};
/* End PBXContainerItemProxy section */

/* Begin PBXFileReference section */
		066195042CA476D80053926C /* TCAexample.app */ = {isa = PBXFileReference; explicitFileType = wrapper.application; includeInIndex = 0; path = TCAexample.app; sourceTree = BUILT_PRODUCTS_DIR; };
		066195072CA476D80053926C /* TCAexampleApp.swift */ = {isa = PBXFileReference; lastKnownFileType = sourcecode.swift; path = TCAexampleApp.swift; sourceTree = "<group>"; };
		066195092CA476D80053926C /* ContentView.swift */ = {isa = PBXFileReference; lastKnownFileType = sourcecode.swift; path = ContentView.swift; sourceTree = "<group>"; };
		0661950B2CA476D90053926C /* Assets.xcassets */ = {isa = PBXFileReference; lastKnownFileType = folder.assetcatalog; path = Assets.xcassets; sourceTree = "<group>"; };
		0661950E2CA476D90053926C /* Preview Assets.xcassets */ = {isa = PBXFileReference; lastKnownFileType = folder.assetcatalog; path = "Preview Assets.xcassets"; sourceTree = "<group>"; };
		066195142CA476D90053926C /* TCAexampleTests.xctest */ = {isa = PBXFileReference; explicitFileType = wrapper.cfbundle; includeInIndex = 0; path = TCAexampleTests.xctest; sourceTree = BUILT_PRODUCTS_DIR; };
		066195182CA476D90053926C /* TCAexampleTests.swift */ = {isa = PBXFileReference; lastKnownFileType = sourcecode.swift; path = TCAexampleTests.swift; sourceTree = "<group>"; };
		0661951E2CA476D90053926C /* TCAexampleUITests.xctest */ = {isa = PBXFileReference; explicitFileType = wrapper.cfbundle; includeInIndex = 0; path = TCAexampleUITests.xctest; sourceTree = BUILT_PRODUCTS_DIR; };
		066195222CA476D90053926C /* TCAexampleUITests.swift */ = {isa = PBXFileReference; lastKnownFileType = sourcecode.swift; path = TCAexampleUITests.swift; sourceTree = "<group>"; };
		066195242CA476D90053926C /* TCAexampleUITestsLaunchTests.swift */ = {isa = PBXFileReference; lastKnownFileType = sourcecode.swift; path = TCAexampleUITestsLaunchTests.swift; sourceTree = "<group>"; };
/* End PBXFileReference section */

/* Begin PBXFrameworksBuildPhase section */
		066195012CA476D80053926C /* Frameworks */ = {
			isa = PBXFrameworksBuildPhase;
			buildActionMask = 2147483647;
			files = (
			);
			runOnlyForDeploymentPostprocessing = 0;
		};
		066195112CA476D90053926C /* Frameworks */ = {
			isa = PBXFrameworksBuildPhase;
			buildActionMask = 2147483647;
			files = (
			);
			runOnlyForDeploymentPostprocessing = 0;
		};
		0661951B2CA476D90053926C /* Frameworks */ = {
			isa = PBXFrameworksBuildPhase;
			buildActionMask = 2147483647;
			files = (
			);
			runOnlyForDeploymentPostprocessing = 0;
		};
/* End PBXFrameworksBuildPhase section */

/* Begin PBXGroup section */
		066194FB2CA476D80053926C = {
			isa = PBXGroup;
			children = (
				066195062CA476D80053926C /* TCAexample */,
				066195172CA476D90053926C /* TCAexampleTests */,
				066195212CA476D90053926C /* TCAexampleUITests */,
				066195052CA476D80053926C /* Products */,
			);
			sourceTree = "<group>";
		};
		066195052CA476D80053926C /* Products */ = {
			isa = PBXGroup;
			children = (
				066195042CA476D80053926C /* TCAexample.app */,
				066195142CA476D90053926C /* TCAexampleTests.xctest */,
				0661951E2CA476D90053926C /* TCAexampleUITests.xctest */,
			);
			name = Products;
			sourceTree = "<group>";
		};
		066195062CA476D80053926C /* TCAexample */ = {
			isa = PBXGroup;
			children = (
				066195072CA476D80053926C /* TCAexampleApp.swift */,
				066195092CA476D80053926C /* ContentView.swift */,
				0661950B2CA476D90053926C /* Assets.xcassets */,
				0661950D2CA476D90053926C /* Preview Content */,
			);
			path = TCAexample;
			sourceTree = "<group>";
		};
		0661950D2CA476D90053926C /* Preview Content */ = {
			isa = PBXGroup;
			children = (
				0661950E2CA476D90053926C /* Preview Assets.xcassets */,
			);
			path = "Preview Content";
			sourceTree = "<group>";
		};
		066195172CA476D90053926C /* TCAexampleTests */ = {
			isa = PBXGroup;
			children = (
				066195182CA476D90053926C /* TCAexampleTests.swift */,
			);
			path = TCAexampleTests;
			sourceTree = "<group>";
		};
		066195212CA476D90053926C /* TCAexampleUITests */ = {
			isa = PBXGroup;
			children = (
				066195222CA476D90053926C /* TCAexampleUITests.swift */,
				066195242CA476D90053926C /* TCAexampleUITestsLaunchTests.swift */,
			);
			path = TCAexampleUITests;
			sourceTree = "<group>";
		};
/* End PBXGroup section */

/* Begin PBXNativeTarget section */
		066195032CA476D80053926C /* TCAexample */ = {
			isa = PBXNativeTarget;
			buildConfigurationList = 066195282CA476D90053926C /* Build configuration list for PBXNativeTarget "TCAexample" */;
			buildPhases = (
				066195002CA476D80053926C /* Sources */,
				066195012CA476D80053926C /* Frameworks */,
				066195022CA476D80053926C /* Resources */,
			);
			buildRules = (
			);
			dependencies = (
			);
			name = TCAexample;
			productName = TCAexample;
			productReference = 066195042CA476D80053926C /* TCAexample.app */;
			productType = "com.apple.product-type.application";
		};
		066195132CA476D90053926C /* TCAexampleTests */ = {
			isa = PBXNativeTarget;
			buildConfigurationList = 0661952B2CA476D90053926C /* Build configuration list for PBXNativeTarget "TCAexampleTests" */;
			buildPhases = (
				066195102CA476D90053926C /* Sources */,
				066195112CA476D90053926C /* Frameworks */,
				066195122CA476D90053926C /* Resources */,
			);
			buildRules = (
			);
			dependencies = (
				066195162CA476D90053926C /* PBXTargetDependency */,
			);
			name = TCAexampleTests;
			productName = TCAexampleTests;
			productReference = 066195142CA476D90053926C /* TCAexampleTests.xctest */;
			productType = "com.apple.product-type.bundle.unit-test";
		};
		0661951D2CA476D90053926C /* TCAexampleUITests */ = {
			isa = PBXNativeTarget;
			buildConfigurationList = 0661952E2CA476D90053926C /* Build configuration list for PBXNativeTarget "TCAexampleUITests" */;
			buildPhases = (
				0661951A2CA476D90053926C /* Sources */,
				0661951B2CA476D90053926C /* Frameworks */,
				0661951C2CA476D90053926C /* Resources */,
			);
			buildRules = (
			);
			dependencies = (
				066195202CA476D90053926C /* PBXTargetDependency */,
			);
			name = TCAexampleUITests;
			productName = TCAexampleUITests;
			productReference = 0661951E2CA476D90053926C /* TCAexampleUITests.xctest */;
			productType = "com.apple.product-type.bundle.ui-testing";
		};
/* End PBXNativeTarget section */

/* Begin PBXProject section */
		066194FC2CA476D80053926C /* Project object */ = {
			isa = PBXProject;
			attributes = {
				BuildIndependentTargetsInParallel = 1;
				LastSwiftUpdateCheck = 1520;
				LastUpgradeCheck = 1520;
				TargetAttributes = {
					066195032CA476D80053926C = {
						CreatedOnToolsVersion = 15.2;
					};
					066195132CA476D90053926C = {
						CreatedOnToolsVersion = 15.2;
						TestTargetID = 066195032CA476D80053926C;
					};
					0661951D2CA476D90053926C = {
						CreatedOnToolsVersion = 15.2;
						TestTargetID = 066195032CA476D80053926C;
					};
				};
			};
			buildConfigurationList = 066194FF2CA476D80053926C /* Build configuration list for PBXProject "TCAexample" */;
			compatibilityVersion = "Xcode 14.0";
			developmentRegion = en;
			hasScannedForEncodings = 0;
			knownRegions = (
				en,
				Base,
			);
			mainGroup = 066194FB2CA476D80053926C;
			productRefGroup = 066195052CA476D80053926C /* Products */;
			projectDirPath = "";
			projectRoot = "";
			targets = (
				066195032CA476D80053926C /* TCAexample */,
				066195132CA476D90053926C /* TCAexampleTests */,
				0661951D2CA476D90053926C /* TCAexampleUITests */,
			);
		};
/* End PBXProject section */

/* Begin PBXResourcesBuildPhase section */
		066195022CA476D80053926C /* Resources */ = {
			isa = PBXResourcesBuildPhase;
			buildActionMask = 2147483647;
			files = (
				0661950F2CA476D90053926C /* Preview Assets.xcassets in Resources */,
				0661950C2CA476D90053926C /* Assets.xcassets in Resources */,
			);
			runOnlyForDeploymentPostprocessing = 0;
		};
		066195122CA476D90053926C /* Resources */ = {
			isa = PBXResourcesBuildPhase;
			buildActionMask = 2147483647;
			files = (
			);
			runOnlyForDeploymentPostprocessing = 0;
		};
		0661951C2CA476D90053926C /* Resources */ = {
			isa = PBXResourcesBuildPhase;
			buildActionMask = 2147483647;
			files = (
			);
			runOnlyForDeploymentPostprocessing = 0;
		};
/* End PBXResourcesBuildPhase section */

/* Begin PBXSourcesBuildPhase section */
		066195002CA476D80053926C /* Sources */ = {
			isa = PBXSourcesBuildPhase;
			buildActionMask = 2147483647;
			files = (
				0661950A2CA476D80053926C /* ContentView.swift in Sources */,
				066195082CA476D80053926C /* TCAexampleApp.swift in Sources */,
			);
			runOnlyForDeploymentPostprocessing = 0;
		};
		066195102CA476D90053926C /* Sources */ = {
			isa = PBXSourcesBuildPhase;
			buildActionMask = 2147483647;
			files = (
				066195192CA476D90053926C /* TCAexampleTests.swift in Sources */,
			);
			runOnlyForDeploymentPostprocessing = 0;
		};
		0661951A2CA476D90053926C /* Sources */ = {
			isa = PBXSourcesBuildPhase;
			buildActionMask = 2147483647;
			files = (
				066195252CA476D90053926C /* TCAexampleUITestsLaunchTests.swift in Sources */,
				066195232CA476D90053926C /* TCAexampleUITests.swift in Sources */,
			);
			runOnlyForDeploymentPostprocessing = 0;
		};
/* End PBXSourcesBuildPhase section */

/* Begin PBXTargetDependency section */
		066195162CA476D90053926C /* PBXTargetDependency */ = {
			isa = PBXTargetDependency;
			target = 066195032CA476D80053926C /* TCAexample */;
			targetProxy = 066195152CA476D90053926C /* PBXContainerItemProxy */;
		};
		066195202CA476D90053926C /* PBXTargetDependency */ = {
			isa = PBXTargetDependency;
			target = 066195032CA476D80053926C /* TCAexample */;
			targetProxy = 0661951F2CA476D90053926C /* PBXContainerItemProxy */;
		};
/* End PBXTargetDependency section */

/* Begin XCBuildConfiguration section */
		066195262CA476D90053926C /* Debug */ = {
			isa = XCBuildConfiguration;
			buildSettings = {
				ALWAYS_SEARCH_USER_PATHS = NO;
				ASSETCATALOG_COMPILER_GENERATE_SWIFT_ASSET_SYMBOL_EXTENSIONS = YES;
				CLANG_ANALYZER_NONNULL = YES;
				CLANG_ANALYZER_NUMBER_OBJECT_CONVERSION = YES_AGGRESSIVE;
				CLANG_CXX_LANGUAGE_STANDARD = "gnu++20";
				CLANG_ENABLE_MODULES = YES;
				CLANG_ENABLE_OBJC_ARC = YES;
				CLANG_ENABLE_OBJC_WEAK = YES;
				CLANG_WARN_BLOCK_CAPTURE_AUTORELEASING = YES;
				CLANG_WARN_BOOL_CONVERSION = YES;
				CLANG_WARN_COMMA = YES;
				CLANG_WARN_CONSTANT_CONVERSION = YES;
				CLANG_WARN_DEPRECATED_OBJC_IMPLEMENTATIONS = YES;
				CLANG_WARN_DIRECT_OBJC_ISA_USAGE = YES_ERROR;
				CLANG_WARN_DOCUMENTATION_COMMENTS = YES;
				CLANG_WARN_EMPTY_BODY = YES;
				CLANG_WARN_ENUM_CONVERSION = YES;
				CLANG_WARN_INFINITE_RECURSION = YES;
				CLANG_WARN_INT_CONVERSION = YES;
				CLANG_WARN_NON_LITERAL_NULL_CONVERSION = YES;
				CLANG_WARN_OBJC_IMPLICIT_RETAIN_SELF = YES;
				CLANG_WARN_OBJC_LITERAL_CONVERSION = YES;
				CLANG_WARN_OBJC_ROOT_CLASS = YES_ERROR;
				CLANG_WARN_QUOTED_INCLUDE_IN_FRAMEWORK_HEADER = YES;
				CLANG_WARN_RANGE_LOOP_ANALYSIS = YES;
				CLANG_WARN_STRICT_PROTOTYPES = YES;
				CLANG_WARN_SUSPICIOUS_MOVE = YES;
				CLANG_WARN_UNGUARDED_AVAILABILITY = YES_AGGRESSIVE;
				CLANG_WARN_UNREACHABLE_CODE = YES;
				CLANG_WARN__DUPLICATE_METHOD_MATCH = YES;
				COPY_PHASE_STRIP = NO;
				DEBUG_INFORMATION_FORMAT = dwarf;
				ENABLE_STRICT_OBJC_MSGSEND = YES;
				ENABLE_TESTABILITY = YES;
				ENABLE_USER_SCRIPT_SANDBOXING = YES;
				GCC_C_LANGUAGE_STANDARD = gnu17;
				GCC_DYNAMIC_NO_PIC = NO;
				GCC_NO_COMMON_BLOCKS = YES;
				GCC_OPTIMIZATION_LEVEL = 0;
				GCC_PREPROCESSOR_DEFINITIONS = (
					"DEBUG=1",
					"$(inherited)",
				);
				GCC_WARN_64_TO_32_BIT_CONVERSION = YES;
				GCC_WARN_ABOUT_RETURN_TYPE = YES_ERROR;
				GCC_WARN_UNDECLARED_SELECTOR = YES;
				GCC_WARN_UNINITIALIZED_AUTOS = YES_AGGRESSIVE;
				GCC_WARN_UNUSED_FUNCTION = YES;
				GCC_WARN_UNUSED_VARIABLE = YES;
				IPHONEOS_DEPLOYMENT_TARGET = 17.2;
				LOCALIZATION_PREFERS_STRING_CATALOGS = YES;
				MTL_ENABLE_DEBUG_INFO = INCLUDE_SOURCE;
				MTL_FAST_MATH = YES;
				ONLY_ACTIVE_ARCH = YES;
				SDKROOT = iphoneos;
				SWIFT_ACTIVE_COMPILATION_CONDITIONS = "DEBUG $(inherited)";
				SWIFT_OPTIMIZATION_LEVEL = "-Onone";
			};
			name = Debug;
		};
		066195272CA476D90053926C /* Release */ = {
			isa = XCBuildConfiguration;
			buildSettings = {
				ALWAYS_SEARCH_USER_PATHS = NO;
				ASSETCATALOG_COMPILER_GENERATE_SWIFT_ASSET_SYMBOL_EXTENSIONS = YES;
				CLANG_ANALYZER_NONNULL = YES;
				CLANG_ANALYZER_NUMBER_OBJECT_CONVERSION = YES_AGGRESSIVE;
				CLANG_CXX_LANGUAGE_STANDARD = "gnu++20";
				CLANG_ENABLE_MODULES = YES;
				CLANG_ENABLE_OBJC_ARC = YES;
				CLANG_ENABLE_OBJC_WEAK = YES;
				CLANG_WARN_BLOCK_CAPTURE_AUTORELEASING = YES;
				CLANG_WARN_BOOL_CONVERSION = YES;
				CLANG_WARN_COMMA = YES;
				CLANG_WARN_CONSTANT_CONVERSION = YES;
				CLANG_WARN_DEPRECATED_OBJC_IMPLEMENTATIONS = YES;
				CLANG_WARN_DIRECT_OBJC_ISA_USAGE = YES_ERROR;
				CLANG_WARN_DOCUMENTATION_COMMENTS = YES;
				CLANG_WARN_EMPTY_BODY = YES;
				CLANG_WARN_ENUM_CONVERSION = YES;
				CLANG_WARN_INFINITE_RECURSION = YES;
				CLANG_WARN_INT_CONVERSION = YES;
				CLANG_WARN_NON_LITERAL_NULL_CONVERSION = YES;
				CLANG_WARN_OBJC_IMPLICIT_RETAIN_SELF = YES;
				CLANG_WARN_OBJC_LITERAL_CONVERSION = YES;
				CLANG_WARN_OBJC_ROOT_CLASS = YES_ERROR;
				CLANG_WARN_QUOTED_INCLUDE_IN_FRAMEWORK_HEADER = YES;
				CLANG_WARN_RANGE_LOOP_ANALYSIS = YES;
				CLANG_WARN_STRICT_PROTOTYPES = YES;
				CLANG_WARN_SUSPICIOUS_MOVE = YES;
				CLANG_WARN_UNGUARDED_AVAILABILITY = YES_AGGRESSIVE;
				CLANG_WARN_UNREACHABLE_CODE = YES;
				CLANG_WARN__DUPLICATE_METHOD_MATCH = YES;
				COPY_PHASE_STRIP = NO;
				DEBUG_INFORMATION_FORMAT = "dwarf-with-dsym";
				ENABLE_NS_ASSERTIONS = NO;
				ENABLE_STRICT_OBJC_MSGSEND = YES;
				ENABLE_USER_SCRIPT_SANDBOXING = YES;
				GCC_C_LANGUAGE_STANDARD = gnu17;
				GCC_NO_COMMON_BLOCKS = YES;
				GCC_WARN_64_TO_32_BIT_CONVERSION = YES;
				GCC_WARN_ABOUT_RETURN_TYPE = YES_ERROR;
				GCC_WARN_UNDECLARED_SELECTOR = YES;
				GCC_WARN_UNINITIALIZED_AUTOS = YES_AGGRESSIVE;
				GCC_WARN_UNUSED_FUNCTION = YES;
				GCC_WARN_UNUSED_VARIABLE = YES;
				IPHONEOS_DEPLOYMENT_TARGET = 17.2;
				LOCALIZATION_PREFERS_STRING_CATALOGS = YES;
				MTL_ENABLE_DEBUG_INFO = NO;
				MTL_FAST_MATH = YES;
				SDKROOT = iphoneos;
				SWIFT_COMPILATION_MODE = wholemodule;
				VALIDATE_PRODUCT = YES;
			};
			name = Release;
		};
		066195292CA476D90053926C /* Debug */ = {
			isa = XCBuildConfiguration;
			buildSettings = {
				ASSETCATALOG_COMPILER_APPICON_NAME = AppIcon;
				ASSETCATALOG_COMPILER_GLOBAL_ACCENT_COLOR_NAME = AccentColor;
				CODE_SIGN_STYLE = Automatic;
				CURRENT_PROJECT_VERSION = 1;
				DEVELOPMENT_ASSET_PATHS = "\"TCAexample/Preview Content\"";
				DEVELOPMENT_TEAM = GZFLA6HU23;
				ENABLE_PREVIEWS = YES;
				GENERATE_INFOPLIST_FILE = YES;
				INFOPLIST_KEY_UIApplicationSceneManifest_Generation = YES;
				INFOPLIST_KEY_UIApplicationSupportsIndirectInputEvents = YES;
				INFOPLIST_KEY_UILaunchScreen_Generation = YES;
				INFOPLIST_KEY_UISupportedInterfaceOrientations_iPad = "UIInterfaceOrientationPortrait UIInterfaceOrientationPortraitUpsideDown UIInterfaceOrientationLandscapeLeft UIInterfaceOrientationLandscapeRight";
				INFOPLIST_KEY_UISupportedInterfaceOrientations_iPhone = "UIInterfaceOrientationPortrait UIInterfaceOrientationLandscapeLeft UIInterfaceOrientationLandscapeRight";
				LD_RUNPATH_SEARCH_PATHS = (
					"$(inherited)",
					"@executable_path/Frameworks",
				);
				MARKETING_VERSION = 1.0;
				PRODUCT_BUNDLE_IDENTIFIER = MAS.TCAexample;
				PRODUCT_NAME = "$(TARGET_NAME)";
				SWIFT_EMIT_LOC_STRINGS = YES;
				SWIFT_VERSION = 5.0;
				TARGETED_DEVICE_FAMILY = "1,2";
			};
			name = Debug;
		};
		0661952A2CA476D90053926C /* Release */ = {
			isa = XCBuildConfiguration;
			buildSettings = {
				ASSETCATALOG_COMPILER_APPICON_NAME = AppIcon;
				ASSETCATALOG_COMPILER_GLOBAL_ACCENT_COLOR_NAME = AccentColor;
				CODE_SIGN_STYLE = Automatic;
				CURRENT_PROJECT_VERSION = 1;
				DEVELOPMENT_ASSET_PATHS = "\"TCAexample/Preview Content\"";
				DEVELOPMENT_TEAM = GZFLA6HU23;
				ENABLE_PREVIEWS = YES;
				GENERATE_INFOPLIST_FILE = YES;
				INFOPLIST_KEY_UIApplicationSceneManifest_Generation = YES;
				INFOPLIST_KEY_UIApplicationSupportsIndirectInputEvents = YES;
				INFOPLIST_KEY_UILaunchScreen_Generation = YES;
				INFOPLIST_KEY_UISupportedInterfaceOrientations_iPad = "UIInterfaceOrientationPortrait UIInterfaceOrientationPortraitUpsideDown UIInterfaceOrientationLandscapeLeft UIInterfaceOrientationLandscapeRight";
				INFOPLIST_KEY_UISupportedInterfaceOrientations_iPhone = "UIInterfaceOrientationPortrait UIInterfaceOrientationLandscapeLeft UIInterfaceOrientationLandscapeRight";
				LD_RUNPATH_SEARCH_PATHS = (
					"$(inherited)",
					"@executable_path/Frameworks",
				);
				MARKETING_VERSION = 1.0;
				PRODUCT_BUNDLE_IDENTIFIER = MAS.TCAexample;
				PRODUCT_NAME = "$(TARGET_NAME)";
				SWIFT_EMIT_LOC_STRINGS = YES;
				SWIFT_VERSION = 5.0;
				TARGETED_DEVICE_FAMILY = "1,2";
			};
			name = Release;
		};
		0661952C2CA476D90053926C /* Debug */ = {
			isa = XCBuildConfiguration;
			buildSettings = {
				ALWAYS_EMBED_SWIFT_STANDARD_LIBRARIES = YES;
				BUNDLE_LOADER = "$(TEST_HOST)";
				CODE_SIGN_STYLE = Automatic;
				CURRENT_PROJECT_VERSION = 1;
				DEVELOPMENT_TEAM = GZFLA6HU23;
				GENERATE_INFOPLIST_FILE = YES;
				IPHONEOS_DEPLOYMENT_TARGET = 17.2;
				MARKETING_VERSION = 1.0;
				PRODUCT_BUNDLE_IDENTIFIER = MAS.TCAexampleTests;
				PRODUCT_NAME = "$(TARGET_NAME)";
				SWIFT_EMIT_LOC_STRINGS = NO;
				SWIFT_VERSION = 5.0;
				TARGETED_DEVICE_FAMILY = "1,2";
				TEST_HOST = "$(BUILT_PRODUCTS_DIR)/TCAexample.app/$(BUNDLE_EXECUTABLE_FOLDER_PATH)/TCAexample";
			};
			name = Debug;
		};
		0661952D2CA476D90053926C /* Release */ = {
			isa = XCBuildConfiguration;
			buildSettings = {
				ALWAYS_EMBED_SWIFT_STANDARD_LIBRARIES = YES;
				BUNDLE_LOADER = "$(TEST_HOST)";
				CODE_SIGN_STYLE = Automatic;
				CURRENT_PROJECT_VERSION = 1;
				DEVELOPMENT_TEAM = GZFLA6HU23;
				GENERATE_INFOPLIST_FILE = YES;
				IPHONEOS_DEPLOYMENT_TARGET = 17.2;
				MARKETING_VERSION = 1.0;
				PRODUCT_BUNDLE_IDENTIFIER = MAS.TCAexampleTests;
				PRODUCT_NAME = "$(TARGET_NAME)";
				SWIFT_EMIT_LOC_STRINGS = NO;
				SWIFT_VERSION = 5.0;
				TARGETED_DEVICE_FAMILY = "1,2";
				TEST_HOST = "$(BUILT_PRODUCTS_DIR)/TCAexample.app/$(BUNDLE_EXECUTABLE_FOLDER_PATH)/TCAexample";
			};
			name = Release;
		};
		0661952F2CA476D90053926C /* Debug */ = {
			isa = XCBuildConfiguration;
			buildSettings = {
				ALWAYS_EMBED_SWIFT_STANDARD_LIBRARIES = YES;
				CODE_SIGN_STYLE = Automatic;
				CURRENT_PROJECT_VERSION = 1;
				DEVELOPMENT_TEAM = GZFLA6HU23;
				GENERATE_INFOPLIST_FILE = YES;
				MARKETING_VERSION = 1.0;
				PRODUCT_BUNDLE_IDENTIFIER = MAS.TCAexampleUITests;
				PRODUCT_NAME = "$(TARGET_NAME)";
				SWIFT_EMIT_LOC_STRINGS = NO;
				SWIFT_VERSION = 5.0;
				TARGETED_DEVICE_FAMILY = "1,2";
				TEST_TARGET_NAME = TCAexample;
			};
			name = Debug;
		};
		066195302CA476D90053926C /* Release */ = {
			isa = XCBuildConfiguration;
			buildSettings = {
				ALWAYS_EMBED_SWIFT_STANDARD_LIBRARIES = YES;
				CODE_SIGN_STYLE = Automatic;
				CURRENT_PROJECT_VERSION = 1;
				DEVELOPMENT_TEAM = GZFLA6HU23;
				GENERATE_INFOPLIST_FILE = YES;
				MARKETING_VERSION = 1.0;
				PRODUCT_BUNDLE_IDENTIFIER = MAS.TCAexampleUITests;
				PRODUCT_NAME = "$(TARGET_NAME)";
				SWIFT_EMIT_LOC_STRINGS = NO;
				SWIFT_VERSION = 5.0;
				TARGETED_DEVICE_FAMILY = "1,2";
				TEST_TARGET_NAME = TCAexample;
			};
			name = Release;
		};
/* End XCBuildConfiguration section */

/* Begin XCConfigurationList section */
		066194FF2CA476D80053926C /* Build configuration list for PBXProject "TCAexample" */ = {
			isa = XCConfigurationList;
			buildConfigurations = (
				066195262CA476D90053926C /* Debug */,
				066195272CA476D90053926C /* Release */,
			);
			defaultConfigurationIsVisible = 0;
			defaultConfigurationName = Release;
		};
		066195282CA476D90053926C /* Build configuration list for PBXNativeTarget "TCAexample" */ = {
			isa = XCConfigurationList;
			buildConfigurations = (
				066195292CA476D90053926C /* Debug */,
				0661952A2CA476D90053926C /* Release */,
			);
			defaultConfigurationIsVisible = 0;
			defaultConfigurationName = Release;
		};
		0661952B2CA476D90053926C /* Build configuration list for PBXNativeTarget "TCAexampleTests" */ = {
			isa = XCConfigurationList;
			buildConfigurations = (
				0661952C2CA476D90053926C /* Debug */,
				0661952D2CA476D90053926C /* Release */,
			);
			defaultConfigurationIsVisible = 0;
			defaultConfigurationName = Release;
		};
		0661952E2CA476D90053926C /* Build configuration list for PBXNativeTarget "TCAexampleUITests" */ = {
			isa = XCConfigurationList;
			buildConfigurations = (
				0661952F2CA476D90053926C /* Debug */,
				066195302CA476D90053926C /* Release */,
			);
			defaultConfigurationIsVisible = 0;
			defaultConfigurationName = Release;
		};
/* End XCConfigurationList section */
	};
	rootObject = 066194FC2CA476D80053926C /* Project object */;
}
